// !$*UTF8*$!
{
	archiveVersion = 1;
	classes = {
	};
	objectVersion = 56;
	objects = {

/* Begin PBXBuildFile section */
		3B5BC7242A6786F500BB0F48 /* ProfilePhotoSelectorView.swift in Sources */ = {isa = PBXBuildFile; fileRef = 3B5BC7232A6786F500BB0F48 /* ProfilePhotoSelectorView.swift */; };
		3B5BC7272A678ECE00BB0F48 /* ImagePicker.swift in Sources */ = {isa = PBXBuildFile; fileRef = 3B5BC7262A678ECE00BB0F48 /* ImagePicker.swift */; };
		3B5BC7292A679A2E00BB0F48 /* ImageUploader.swift in Sources */ = {isa = PBXBuildFile; fileRef = 3B5BC7282A679A2E00BB0F48 /* ImageUploader.swift */; };
		3BA0B03D2A70AA3600FAE636 /* FeedViewModel.swift in Sources */ = {isa = PBXBuildFile; fileRef = 3BA0B03C2A70AA3600FAE636 /* FeedViewModel.swift */; };
		3BA0B03F2A70AB1000FAE636 /* Tweet.swift in Sources */ = {isa = PBXBuildFile; fileRef = 3BA0B03E2A70AB1000FAE636 /* Tweet.swift */; };
		3BA0B0412A70C3D800FAE636 /* ProfileViewModel.swift in Sources */ = {isa = PBXBuildFile; fileRef = 3BA0B0402A70C3D800FAE636 /* ProfileViewModel.swift */; };
		3BA98A602A5E397C00534650 /* SideMenuView.swift in Sources */ = {isa = PBXBuildFile; fileRef = 3BA98A5F2A5E397C00534650 /* SideMenuView.swift */; };
		3BA98A622A5E39A600534650 /* SideMenuRowView.swift in Sources */ = {isa = PBXBuildFile; fileRef = 3BA98A612A5E39A600534650 /* SideMenuRowView.swift */; };
		3BA98A642A5E39BC00534650 /* SideMenuViewModel.swift in Sources */ = {isa = PBXBuildFile; fileRef = 3BA98A632A5E39BC00534650 /* SideMenuViewModel.swift */; };
		3BA98A662A5E3BB500534650 /* UserStatsView.swift in Sources */ = {isa = PBXBuildFile; fileRef = 3BA98A652A5E3BB500534650 /* UserStatsView.swift */; };
		3BA98A682A5E495E00534650 /* SideMenuOptionRowView.swift in Sources */ = {isa = PBXBuildFile; fileRef = 3BA98A672A5E495E00534650 /* SideMenuOptionRowView.swift */; };
		3BA98A6D2A5E54E000534650 /* NewTweetView.swift in Sources */ = {isa = PBXBuildFile; fileRef = 3BA98A6C2A5E54E000534650 /* NewTweetView.swift */; };
		3BA98A6F2A5E563500534650 /* TextArea.swift in Sources */ = {isa = PBXBuildFile; fileRef = 3BA98A6E2A5E563500534650 /* TextArea.swift */; };
		3BAD219E2A68E9F1000A7E26 /* UserService.swift in Sources */ = {isa = PBXBuildFile; fileRef = 3BAD219D2A68E9F1000A7E26 /* UserService.swift */; };
		3BAD21A02A68EC16000A7E26 /* User.swift in Sources */ = {isa = PBXBuildFile; fileRef = 3BAD219F2A68EC16000A7E26 /* User.swift */; };
		3BAD21A32A68F17D000A7E26 /* Kingfisher in Frameworks */ = {isa = PBXBuildFile; productRef = 3BAD21A22A68F17D000A7E26 /* Kingfisher */; };
		3BB1F2752A623EF40070BA0C /* GoogleService-Info.plist in Resources */ = {isa = PBXBuildFile; fileRef = 3BB1F2742A623EF40070BA0C /* GoogleService-Info.plist */; };
		3BB1F2782A6246B80070BA0C /* FirebaseAuth in Frameworks */ = {isa = PBXBuildFile; productRef = 3BB1F2772A6246B80070BA0C /* FirebaseAuth */; };
		3BB1F27A2A6246B80070BA0C /* FirebaseFirestore in Frameworks */ = {isa = PBXBuildFile; productRef = 3BB1F2792A6246B80070BA0C /* FirebaseFirestore */; };
		3BB1F27C2A6246B80070BA0C /* FirebaseFirestoreSwift in Frameworks */ = {isa = PBXBuildFile; productRef = 3BB1F27B2A6246B80070BA0C /* FirebaseFirestoreSwift */; };
		3BB1F27E2A6246B80070BA0C /* FirebaseStorage in Frameworks */ = {isa = PBXBuildFile; productRef = 3BB1F27D2A6246B80070BA0C /* FirebaseStorage */; };
		3BB1F2802A6248B20070BA0C /* AuthViewModel.swift in Sources */ = {isa = PBXBuildFile; fileRef = 3BB1F27F2A6248B20070BA0C /* AuthViewModel.swift */; };
		3BBE423D2A5A4B1C00215BED /* ProfileView.swift in Sources */ = {isa = PBXBuildFile; fileRef = 3BBE423C2A5A4B1C00215BED /* ProfileView.swift */; };
		3BBE423F2A5A521E00215BED /* TweetFilterViewModel.swift in Sources */ = {isa = PBXBuildFile; fileRef = 3BBE423E2A5A521E00215BED /* TweetFilterViewModel.swift */; };
		3BBE42442A5A622600215BED /* UserRowView.swift in Sources */ = {isa = PBXBuildFile; fileRef = 3BBE42432A5A622600215BED /* UserRowView.swift */; };
		3BC852C02A6F868000F7CC28 /* TweetService.swift in Sources */ = {isa = PBXBuildFile; fileRef = 3BC852BF2A6F868000F7CC28 /* TweetService.swift */; };
		3BC852C22A6F87AF00F7CC28 /* UploadTweetViewModel.swift in Sources */ = {isa = PBXBuildFile; fileRef = 3BC852C12A6F87AF00F7CC28 /* UploadTweetViewModel.swift */; };
		3BD0624B2A6E31800027A833 /* ExplereViewModel.swift in Sources */ = {isa = PBXBuildFile; fileRef = 3BD0624A2A6E31800027A833 /* ExplereViewModel.swift */; };
		3BD0624D2A6E3D700027A833 /* SearchBar.swift in Sources */ = {isa = PBXBuildFile; fileRef = 3BD0624C2A6E3D700027A833 /* SearchBar.swift */; };
		3BF35C022A5F91E700530B7F /* LoginView.swift in Sources */ = {isa = PBXBuildFile; fileRef = 3BF35C012A5F91E700530B7F /* LoginView.swift */; };
		3BF35C042A5F91F700530B7F /* RegistrationView.swift in Sources */ = {isa = PBXBuildFile; fileRef = 3BF35C032A5F91F700530B7F /* RegistrationView.swift */; };
		3BF35C062A5F934600530B7F /* RoundedCorner.swift in Sources */ = {isa = PBXBuildFile; fileRef = 3BF35C052A5F934600530B7F /* RoundedCorner.swift */; };
		3BF35C082A5F98BE00530B7F /* CustomInputField.swift in Sources */ = {isa = PBXBuildFile; fileRef = 3BF35C072A5F98BE00530B7F /* CustomInputField.swift */; };
		3BF40DD62A56807100F9A229 /* TwitterApp.swift in Sources */ = {isa = PBXBuildFile; fileRef = 3BF40DD52A56807100F9A229 /* TwitterApp.swift */; };
		3BF40DD82A56807100F9A229 /* ContentView.swift in Sources */ = {isa = PBXBuildFile; fileRef = 3BF40DD72A56807100F9A229 /* ContentView.swift */; };
		3BF40DDA2A56807300F9A229 /* Assets.xcassets in Resources */ = {isa = PBXBuildFile; fileRef = 3BF40DD92A56807300F9A229 /* Assets.xcassets */; };
		3BF40DDD2A56807300F9A229 /* Preview Assets.xcassets in Resources */ = {isa = PBXBuildFile; fileRef = 3BF40DDC2A56807300F9A229 /* Preview Assets.xcassets */; };
		3BF40DEC2A56817600F9A229 /* FeedView.swift in Sources */ = {isa = PBXBuildFile; fileRef = 3BF40DEB2A56817600F9A229 /* FeedView.swift */; };
		3BF40DEF2A56825800F9A229 /* TweetRowView.swift in Sources */ = {isa = PBXBuildFile; fileRef = 3BF40DEE2A56825800F9A229 /* TweetRowView.swift */; };
		3BF40DF22A56877600F9A229 /* MainTabView.swift in Sources */ = {isa = PBXBuildFile; fileRef = 3BF40DF12A56877600F9A229 /* MainTabView.swift */; };
		3BF40DF82A5688F900F9A229 /* ExploreView.swift in Sources */ = {isa = PBXBuildFile; fileRef = 3BF40DF72A5688F900F9A229 /* ExploreView.swift */; };
		3BF40DFA2A56891600F9A229 /* NotificationView.swift in Sources */ = {isa = PBXBuildFile; fileRef = 3BF40DF92A56891600F9A229 /* NotificationView.swift */; };
		3BF40DFC2A56894300F9A229 /* MessagesView.swift in Sources */ = {isa = PBXBuildFile; fileRef = 3BF40DFB2A56894300F9A229 /* MessagesView.swift */; };
/* End PBXBuildFile section */

/* Begin PBXFileReference section */
		3B5BC7232A6786F500BB0F48 /* ProfilePhotoSelectorView.swift */ = {isa = PBXFileReference; lastKnownFileType = sourcecode.swift; path = ProfilePhotoSelectorView.swift; sourceTree = "<group>"; };
		3B5BC7262A678ECE00BB0F48 /* ImagePicker.swift */ = {isa = PBXFileReference; lastKnownFileType = sourcecode.swift; path = ImagePicker.swift; sourceTree = "<group>"; };
		3B5BC7282A679A2E00BB0F48 /* ImageUploader.swift */ = {isa = PBXFileReference; lastKnownFileType = sourcecode.swift; path = ImageUploader.swift; sourceTree = "<group>"; };
		3BA0B03C2A70AA3600FAE636 /* FeedViewModel.swift */ = {isa = PBXFileReference; lastKnownFileType = sourcecode.swift; path = FeedViewModel.swift; sourceTree = "<group>"; };
		3BA0B03E2A70AB1000FAE636 /* Tweet.swift */ = {isa = PBXFileReference; lastKnownFileType = sourcecode.swift; path = Tweet.swift; sourceTree = "<group>"; };
		3BA0B0402A70C3D800FAE636 /* ProfileViewModel.swift */ = {isa = PBXFileReference; lastKnownFileType = sourcecode.swift; path = ProfileViewModel.swift; sourceTree = "<group>"; };
		3BA98A5F2A5E397C00534650 /* SideMenuView.swift */ = {isa = PBXFileReference; lastKnownFileType = sourcecode.swift; path = SideMenuView.swift; sourceTree = "<group>"; };
		3BA98A612A5E39A600534650 /* SideMenuRowView.swift */ = {isa = PBXFileReference; lastKnownFileType = sourcecode.swift; path = SideMenuRowView.swift; sourceTree = "<group>"; };
		3BA98A632A5E39BC00534650 /* SideMenuViewModel.swift */ = {isa = PBXFileReference; lastKnownFileType = sourcecode.swift; path = SideMenuViewModel.swift; sourceTree = "<group>"; };
		3BA98A652A5E3BB500534650 /* UserStatsView.swift */ = {isa = PBXFileReference; lastKnownFileType = sourcecode.swift; path = UserStatsView.swift; sourceTree = "<group>"; };
		3BA98A672A5E495E00534650 /* SideMenuOptionRowView.swift */ = {isa = PBXFileReference; lastKnownFileType = sourcecode.swift; path = SideMenuOptionRowView.swift; sourceTree = "<group>"; };
		3BA98A6C2A5E54E000534650 /* NewTweetView.swift */ = {isa = PBXFileReference; lastKnownFileType = sourcecode.swift; path = NewTweetView.swift; sourceTree = "<group>"; };
		3BA98A6E2A5E563500534650 /* TextArea.swift */ = {isa = PBXFileReference; lastKnownFileType = sourcecode.swift; path = TextArea.swift; sourceTree = "<group>"; };
		3BAD219D2A68E9F1000A7E26 /* UserService.swift */ = {isa = PBXFileReference; lastKnownFileType = sourcecode.swift; path = UserService.swift; sourceTree = "<group>"; };
		3BAD219F2A68EC16000A7E26 /* User.swift */ = {isa = PBXFileReference; lastKnownFileType = sourcecode.swift; path = User.swift; sourceTree = "<group>"; };
		3BB1F2742A623EF40070BA0C /* GoogleService-Info.plist */ = {isa = PBXFileReference; lastKnownFileType = text.plist; path = "GoogleService-Info.plist"; sourceTree = SOURCE_ROOT; };
		3BB1F27F2A6248B20070BA0C /* AuthViewModel.swift */ = {isa = PBXFileReference; lastKnownFileType = sourcecode.swift; path = AuthViewModel.swift; sourceTree = "<group>"; };
		3BBE423C2A5A4B1C00215BED /* ProfileView.swift */ = {isa = PBXFileReference; lastKnownFileType = sourcecode.swift; path = ProfileView.swift; sourceTree = "<group>"; };
		3BBE423E2A5A521E00215BED /* TweetFilterViewModel.swift */ = {isa = PBXFileReference; lastKnownFileType = sourcecode.swift; path = TweetFilterViewModel.swift; sourceTree = "<group>"; };
		3BBE42432A5A622600215BED /* UserRowView.swift */ = {isa = PBXFileReference; lastKnownFileType = sourcecode.swift; path = UserRowView.swift; sourceTree = "<group>"; };
		3BC852BF2A6F868000F7CC28 /* TweetService.swift */ = {isa = PBXFileReference; lastKnownFileType = sourcecode.swift; path = TweetService.swift; sourceTree = "<group>"; };
		3BC852C12A6F87AF00F7CC28 /* UploadTweetViewModel.swift */ = {isa = PBXFileReference; lastKnownFileType = sourcecode.swift; path = UploadTweetViewModel.swift; sourceTree = "<group>"; };
		3BD0624A2A6E31800027A833 /* ExplereViewModel.swift */ = {isa = PBXFileReference; lastKnownFileType = sourcecode.swift; path = ExplereViewModel.swift; sourceTree = "<group>"; };
		3BD0624C2A6E3D700027A833 /* SearchBar.swift */ = {isa = PBXFileReference; lastKnownFileType = sourcecode.swift; path = SearchBar.swift; sourceTree = "<group>"; };
		3BF35C012A5F91E700530B7F /* LoginView.swift */ = {isa = PBXFileReference; lastKnownFileType = sourcecode.swift; path = LoginView.swift; sourceTree = "<group>"; };
		3BF35C032A5F91F700530B7F /* RegistrationView.swift */ = {isa = PBXFileReference; lastKnownFileType = sourcecode.swift; path = RegistrationView.swift; sourceTree = "<group>"; };
		3BF35C052A5F934600530B7F /* RoundedCorner.swift */ = {isa = PBXFileReference; lastKnownFileType = sourcecode.swift; path = RoundedCorner.swift; sourceTree = "<group>"; };
		3BF35C072A5F98BE00530B7F /* CustomInputField.swift */ = {isa = PBXFileReference; lastKnownFileType = sourcecode.swift; path = CustomInputField.swift; sourceTree = "<group>"; };
		3BF40DD22A56807100F9A229 /* Twitter.app */ = {isa = PBXFileReference; explicitFileType = wrapper.application; includeInIndex = 0; path = Twitter.app; sourceTree = BUILT_PRODUCTS_DIR; };
		3BF40DD52A56807100F9A229 /* TwitterApp.swift */ = {isa = PBXFileReference; lastKnownFileType = sourcecode.swift; path = TwitterApp.swift; sourceTree = "<group>"; };
		3BF40DD72A56807100F9A229 /* ContentView.swift */ = {isa = PBXFileReference; lastKnownFileType = sourcecode.swift; path = ContentView.swift; sourceTree = "<group>"; };
		3BF40DD92A56807300F9A229 /* Assets.xcassets */ = {isa = PBXFileReference; lastKnownFileType = folder.assetcatalog; path = Assets.xcassets; sourceTree = "<group>"; };
		3BF40DDC2A56807300F9A229 /* Preview Assets.xcassets */ = {isa = PBXFileReference; lastKnownFileType = folder.assetcatalog; path = "Preview Assets.xcassets"; sourceTree = "<group>"; };
		3BF40DEB2A56817600F9A229 /* FeedView.swift */ = {isa = PBXFileReference; lastKnownFileType = sourcecode.swift; path = FeedView.swift; sourceTree = "<group>"; };
		3BF40DEE2A56825800F9A229 /* TweetRowView.swift */ = {isa = PBXFileReference; lastKnownFileType = sourcecode.swift; path = TweetRowView.swift; sourceTree = "<group>"; };
		3BF40DF12A56877600F9A229 /* MainTabView.swift */ = {isa = PBXFileReference; lastKnownFileType = sourcecode.swift; path = MainTabView.swift; sourceTree = "<group>"; };
		3BF40DF72A5688F900F9A229 /* ExploreView.swift */ = {isa = PBXFileReference; lastKnownFileType = sourcecode.swift; path = ExploreView.swift; sourceTree = "<group>"; };
		3BF40DF92A56891600F9A229 /* NotificationView.swift */ = {isa = PBXFileReference; lastKnownFileType = sourcecode.swift; path = NotificationView.swift; sourceTree = "<group>"; };
		3BF40DFB2A56894300F9A229 /* MessagesView.swift */ = {isa = PBXFileReference; lastKnownFileType = sourcecode.swift; path = MessagesView.swift; sourceTree = "<group>"; };
/* End PBXFileReference section */

/* Begin PBXFrameworksBuildPhase section */
		3BF40DCF2A56807100F9A229 /* Frameworks */ = {
			isa = PBXFrameworksBuildPhase;
			buildActionMask = 2147483647;
			files = (
				3BB1F2782A6246B80070BA0C /* FirebaseAuth in Frameworks */,
				3BB1F27E2A6246B80070BA0C /* FirebaseStorage in Frameworks */,
				3BB1F27A2A6246B80070BA0C /* FirebaseFirestore in Frameworks */,
				3BB1F27C2A6246B80070BA0C /* FirebaseFirestoreSwift in Frameworks */,
				3BAD21A32A68F17D000A7E26 /* Kingfisher in Frameworks */,
			);
			runOnlyForDeploymentPostprocessing = 0;
		};
/* End PBXFrameworksBuildPhase section */

/* Begin PBXGroup section */
		3B5BC7252A678EBA00BB0F48 /* Utils */ = {
			isa = PBXGroup;
			children = (
				3B5BC7262A678ECE00BB0F48 /* ImagePicker.swift */,
			);
			path = Utils;
			sourceTree = "<group>";
		};
		3BA98A5C2A5E393500534650 /* SideMenu */ = {
			isa = PBXGroup;
			children = (
				3BA98A5E2A5E395800534650 /* Views */,
				3BA98A5D2A5E394E00534650 /* ViewModels */,
			);
			path = SideMenu;
			sourceTree = "<group>";
		};
		3BA98A5D2A5E394E00534650 /* ViewModels */ = {
			isa = PBXGroup;
			children = (
				3BA98A632A5E39BC00534650 /* SideMenuViewModel.swift */,
			);
			path = ViewModels;
			sourceTree = "<group>";
		};
		3BA98A5E2A5E395800534650 /* Views */ = {
			isa = PBXGroup;
			children = (
				3BA98A5F2A5E397C00534650 /* SideMenuView.swift */,
				3BA98A612A5E39A600534650 /* SideMenuRowView.swift */,
				3BA98A672A5E495E00534650 /* SideMenuOptionRowView.swift */,
			);
			path = Views;
			sourceTree = "<group>";
		};
		3BA98A692A5E54B900534650 /* UploadTweet */ = {
			isa = PBXGroup;
			children = (
				3BA98A6B2A5E54CE00534650 /* Views */,
				3BA98A6A2A5E54C600534650 /* ViewModels */,
			);
			path = UploadTweet;
			sourceTree = "<group>";
		};
		3BA98A6A2A5E54C600534650 /* ViewModels */ = {
			isa = PBXGroup;
			children = (
				3BC852C12A6F87AF00F7CC28 /* UploadTweetViewModel.swift */,
			);
			path = ViewModels;
			sourceTree = "<group>";
		};
		3BA98A6B2A5E54CE00534650 /* Views */ = {
			isa = PBXGroup;
			children = (
				3BA98A6C2A5E54E000534650 /* NewTweetView.swift */,
			);
			path = Views;
			sourceTree = "<group>";
		};
		3BBE423A2A5A4AE100215BED /* Views */ = {
			isa = PBXGroup;
			children = (
				3BBE423C2A5A4B1C00215BED /* ProfileView.swift */,
			);
			path = Views;
			sourceTree = "<group>";
		};
		3BBE423B2A5A4AE400215BED /* ViewModels */ = {
			isa = PBXGroup;
			children = (
				3BBE423E2A5A521E00215BED /* TweetFilterViewModel.swift */,
				3BA0B0402A70C3D800FAE636 /* ProfileViewModel.swift */,
			);
			path = ViewModels;
			sourceTree = "<group>";
		};
		3BBE42402A5A61DE00215BED /* ViewModels */ = {
			isa = PBXGroup;
			children = (
				3BD0624A2A6E31800027A833 /* ExplereViewModel.swift */,
			);
			path = ViewModels;
			sourceTree = "<group>";
		};
		3BBE42412A5A61E100215BED /* Views */ = {
			isa = PBXGroup;
			children = (
				3BF40DF72A5688F900F9A229 /* ExploreView.swift */,
			);
			path = Views;
			sourceTree = "<group>";
		};
		3BBE42422A5A620400215BED /* Users */ = {
			isa = PBXGroup;
			children = (
				3BBE42432A5A622600215BED /* UserRowView.swift */,
				3BA98A652A5E3BB500534650 /* UserStatsView.swift */,
			);
			path = Users;
			sourceTree = "<group>";
		};
		3BF35BFE2A5F91A100530B7F /* Authentication */ = {
			isa = PBXGroup;
			children = (
				3BF35C002A5F91CD00530B7F /* Views */,
				3BF35BFF2A5F91BB00530B7F /* ViewMoles */,
			);
			path = Authentication;
			sourceTree = "<group>";
		};
		3BF35BFF2A5F91BB00530B7F /* ViewMoles */ = {
			isa = PBXGroup;
			children = (
				3BB1F27F2A6248B20070BA0C /* AuthViewModel.swift */,
			);
			path = ViewMoles;
			sourceTree = "<group>";
		};
		3BF35C002A5F91CD00530B7F /* Views */ = {
			isa = PBXGroup;
			children = (
				3BF35C012A5F91E700530B7F /* LoginView.swift */,
				3BF35C032A5F91F700530B7F /* RegistrationView.swift */,
				3B5BC7232A6786F500BB0F48 /* ProfilePhotoSelectorView.swift */,
			);
			path = Views;
			sourceTree = "<group>";
		};
		3BF40DC92A56807100F9A229 = {
			isa = PBXGroup;
			children = (
				3BF40DD42A56807100F9A229 /* Twitter */,
				3BF40DD32A56807100F9A229 /* Products */,
			);
			sourceTree = "<group>";
		};
		3BF40DD32A56807100F9A229 /* Products */ = {
			isa = PBXGroup;
			children = (
				3BF40DD22A56807100F9A229 /* Twitter.app */,
			);
			name = Products;
			sourceTree = "<group>";
		};
		3BF40DD42A56807100F9A229 /* Twitter */ = {
			isa = PBXGroup;
			children = (
				3B5BC7252A678EBA00BB0F48 /* Utils */,
				3BF40DE62A5680D900F9A229 /* Extensions */,
				3BF40DE52A5680D600F9A229 /* Model */,
				3BF40DE42A5680D300F9A229 /* Service */,
				3BF40DE32A5680C900F9A229 /* Core */,
				3BF40DD52A56807100F9A229 /* TwitterApp.swift */,
				3BF40DD72A56807100F9A229 /* ContentView.swift */,
				3BF40DD92A56807300F9A229 /* Assets.xcassets */,
				3BB1F2742A623EF40070BA0C /* GoogleService-Info.plist */,
				3BF40DDB2A56807300F9A229 /* Preview Content */,
			);
			path = Twitter;
			sourceTree = "<group>";
		};
		3BF40DDB2A56807300F9A229 /* Preview Content */ = {
			isa = PBXGroup;
			children = (
				3BF40DDC2A56807300F9A229 /* Preview Assets.xcassets */,
			);
			path = "Preview Content";
			sourceTree = "<group>";
		};
		3BF40DE32A5680C900F9A229 /* Core */ = {
			isa = PBXGroup;
			children = (
				3BF40DE82A56810B00F9A229 /* Components */,
				3BF35BFE2A5F91A100530B7F /* Authentication */,
				3BA98A692A5E54B900534650 /* UploadTweet */,
				3BA98A5C2A5E393500534650 /* SideMenu */,
				3BF40DF62A5688DC00F9A229 /* Profile */,
				3BF40DF52A5688B700F9A229 /* Explore */,
				3BF40DF42A5688B400F9A229 /* Notifications */,
				3BF40DF32A56889500F9A229 /* Messages */,
				3BF40DF02A56876300F9A229 /* MainTab */,
				3BF40DE72A56810600F9A229 /* Feed */,
			);
			path = Core;
			sourceTree = "<group>";
		};
		3BF40DE42A5680D300F9A229 /* Service */ = {
			isa = PBXGroup;
			children = (
				3B5BC7282A679A2E00BB0F48 /* ImageUploader.swift */,
				3BAD219D2A68E9F1000A7E26 /* UserService.swift */,
				3BC852BF2A6F868000F7CC28 /* TweetService.swift */,
			);
			path = Service;
			sourceTree = "<group>";
		};
		3BF40DE52A5680D600F9A229 /* Model */ = {
			isa = PBXGroup;
			children = (
				3BAD219F2A68EC16000A7E26 /* User.swift */,
				3BA0B03E2A70AB1000FAE636 /* Tweet.swift */,
			);
			path = Model;
			sourceTree = "<group>";
		};
		3BF40DE62A5680D900F9A229 /* Extensions */ = {
			isa = PBXGroup;
			children = (
			);
			path = Extensions;
			sourceTree = "<group>";
		};
		3BF40DE72A56810600F9A229 /* Feed */ = {
			isa = PBXGroup;
			children = (
				3BF40DEA2A56814E00F9A229 /* ViewModels */,
				3BF40DE92A56814B00F9A229 /* View */,
			);
			path = Feed;
			sourceTree = "<group>";
		};
		3BF40DE82A56810B00F9A229 /* Components */ = {
			isa = PBXGroup;
			children = (
				3BBE42422A5A620400215BED /* Users */,
				3BF40DED2A56822600F9A229 /* Tweets */,
				3BA98A6E2A5E563500534650 /* TextArea.swift */,
				3BF35C052A5F934600530B7F /* RoundedCorner.swift */,
				3BF35C072A5F98BE00530B7F /* CustomInputField.swift */,
				3BD0624C2A6E3D700027A833 /* SearchBar.swift */,
			);
			path = Components;
			sourceTree = "<group>";
		};
		3BF40DE92A56814B00F9A229 /* View */ = {
			isa = PBXGroup;
			children = (
				3BF40DEB2A56817600F9A229 /* FeedView.swift */,
			);
			path = View;
			sourceTree = "<group>";
		};
		3BF40DEA2A56814E00F9A229 /* ViewModels */ = {
			isa = PBXGroup;
			children = (
				3BA0B03C2A70AA3600FAE636 /* FeedViewModel.swift */,
			);
			path = ViewModels;
			sourceTree = "<group>";
		};
		3BF40DED2A56822600F9A229 /* Tweets */ = {
			isa = PBXGroup;
			children = (
				3BF40DEE2A56825800F9A229 /* TweetRowView.swift */,
			);
			path = Tweets;
			sourceTree = "<group>";
		};
		3BF40DF02A56876300F9A229 /* MainTab */ = {
			isa = PBXGroup;
			children = (
				3BF40DF12A56877600F9A229 /* MainTabView.swift */,
			);
			path = MainTab;
			sourceTree = "<group>";
		};
		3BF40DF32A56889500F9A229 /* Messages */ = {
			isa = PBXGroup;
			children = (
				3BF40DFB2A56894300F9A229 /* MessagesView.swift */,
			);
			path = Messages;
			sourceTree = "<group>";
		};
		3BF40DF42A5688B400F9A229 /* Notifications */ = {
			isa = PBXGroup;
			children = (
				3BF40DF92A56891600F9A229 /* NotificationView.swift */,
			);
			path = Notifications;
			sourceTree = "<group>";
		};
		3BF40DF52A5688B700F9A229 /* Explore */ = {
			isa = PBXGroup;
			children = (
				3BBE42412A5A61E100215BED /* Views */,
				3BBE42402A5A61DE00215BED /* ViewModels */,
			);
			path = Explore;
			sourceTree = "<group>";
		};
		3BF40DF62A5688DC00F9A229 /* Profile */ = {
			isa = PBXGroup;
			children = (
				3BBE423B2A5A4AE400215BED /* ViewModels */,
				3BBE423A2A5A4AE100215BED /* Views */,
			);
			path = Profile;
			sourceTree = "<group>";
		};
/* End PBXGroup section */

/* Begin PBXNativeTarget section */
		3BF40DD12A56807100F9A229 /* Twitter */ = {
			isa = PBXNativeTarget;
			buildConfigurationList = 3BF40DE02A56807300F9A229 /* Build configuration list for PBXNativeTarget "Twitter" */;
			buildPhases = (
				3BF40DCE2A56807100F9A229 /* Sources */,
				3BF40DCF2A56807100F9A229 /* Frameworks */,
				3BF40DD02A56807100F9A229 /* Resources */,
			);
			buildRules = (
			);
			dependencies = (
			);
			name = Twitter;
			packageProductDependencies = (
				3BB1F2772A6246B80070BA0C /* FirebaseAuth */,
				3BB1F2792A6246B80070BA0C /* FirebaseFirestore */,
				3BB1F27B2A6246B80070BA0C /* FirebaseFirestoreSwift */,
				3BB1F27D2A6246B80070BA0C /* FirebaseStorage */,
				3BAD21A22A68F17D000A7E26 /* Kingfisher */,
			);
			productName = Twitter;
			productReference = 3BF40DD22A56807100F9A229 /* Twitter.app */;
			productType = "com.apple.product-type.application";
		};
/* End PBXNativeTarget section */

/* Begin PBXProject section */
		3BF40DCA2A56807100F9A229 /* Project object */ = {
			isa = PBXProject;
			attributes = {
				BuildIndependentTargetsInParallel = 1;
				LastSwiftUpdateCheck = 1430;
				LastUpgradeCheck = 1430;
				TargetAttributes = {
					3BF40DD12A56807100F9A229 = {
						CreatedOnToolsVersion = 14.3.1;
					};
				};
			};
			buildConfigurationList = 3BF40DCD2A56807100F9A229 /* Build configuration list for PBXProject "Twitter" */;
			compatibilityVersion = "Xcode 14.0";
			developmentRegion = en;
			hasScannedForEncodings = 0;
			knownRegions = (
				en,
				Base,
			);
			mainGroup = 3BF40DC92A56807100F9A229;
			packageReferences = (
				3BB1F2762A6246B80070BA0C /* XCRemoteSwiftPackageReference "firebase-ios-sdk" */,
				3BAD21A12A68F17D000A7E26 /* XCRemoteSwiftPackageReference "Kingfisher" */,
			);
			productRefGroup = 3BF40DD32A56807100F9A229 /* Products */;
			projectDirPath = "";
			projectRoot = "";
			targets = (
				3BF40DD12A56807100F9A229 /* Twitter */,
			);
		};
/* End PBXProject section */

/* Begin PBXResourcesBuildPhase section */
		3BF40DD02A56807100F9A229 /* Resources */ = {
			isa = PBXResourcesBuildPhase;
			buildActionMask = 2147483647;
			files = (
				3BF40DDD2A56807300F9A229 /* Preview Assets.xcassets in Resources */,
				3BF40DDA2A56807300F9A229 /* Assets.xcassets in Resources */,
				3BB1F2752A623EF40070BA0C /* GoogleService-Info.plist in Resources */,
			);
			runOnlyForDeploymentPostprocessing = 0;
		};
/* End PBXResourcesBuildPhase section */

/* Begin PBXSourcesBuildPhase section */
		3BF40DCE2A56807100F9A229 /* Sources */ = {
			isa = PBXSourcesBuildPhase;
			buildActionMask = 2147483647;
			files = (
				3BF40DFC2A56894300F9A229 /* MessagesView.swift in Sources */,
				3BBE423D2A5A4B1C00215BED /* ProfileView.swift in Sources */,
				3BAD219E2A68E9F1000A7E26 /* UserService.swift in Sources */,
				3B5BC7272A678ECE00BB0F48 /* ImagePicker.swift in Sources */,
				3BF35C082A5F98BE00530B7F /* CustomInputField.swift in Sources */,
				3BA0B03F2A70AB1000FAE636 /* Tweet.swift in Sources */,
				3BA0B03D2A70AA3600FAE636 /* FeedViewModel.swift in Sources */,
				3BF40DD82A56807100F9A229 /* ContentView.swift in Sources */,
				3B5BC7292A679A2E00BB0F48 /* ImageUploader.swift in Sources */,
				3BA98A622A5E39A600534650 /* SideMenuRowView.swift in Sources */,
				3BF40DEF2A56825800F9A229 /* TweetRowView.swift in Sources */,
				3BBE423F2A5A521E00215BED /* TweetFilterViewModel.swift in Sources */,
				3BF35C062A5F934600530B7F /* RoundedCorner.swift in Sources */,
				3B5BC7242A6786F500BB0F48 /* ProfilePhotoSelectorView.swift in Sources */,
				3BF40DFA2A56891600F9A229 /* NotificationView.swift in Sources */,
				3BD0624B2A6E31800027A833 /* ExplereViewModel.swift in Sources */,
				3BA98A6F2A5E563500534650 /* TextArea.swift in Sources */,
				3BC852C22A6F87AF00F7CC28 /* UploadTweetViewModel.swift in Sources */,
				3BC852C02A6F868000F7CC28 /* TweetService.swift in Sources */,
				3BA98A602A5E397C00534650 /* SideMenuView.swift in Sources */,
				3BF40DEC2A56817600F9A229 /* FeedView.swift in Sources */,
				3BD0624D2A6E3D700027A833 /* SearchBar.swift in Sources */,
				3BA98A6D2A5E54E000534650 /* NewTweetView.swift in Sources */,
				3BF40DD62A56807100F9A229 /* TwitterApp.swift in Sources */,
				3BA98A642A5E39BC00534650 /* SideMenuViewModel.swift in Sources */,
				3BBE42442A5A622600215BED /* UserRowView.swift in Sources */,
				3BAD21A02A68EC16000A7E26 /* User.swift in Sources */,
				3BA98A682A5E495E00534650 /* SideMenuOptionRowView.swift in Sources */,
				3BB1F2802A6248B20070BA0C /* AuthViewModel.swift in Sources */,
				3BF40DF82A5688F900F9A229 /* ExploreView.swift in Sources */,
				3BF35C022A5F91E700530B7F /* LoginView.swift in Sources */,
				3BF40DF22A56877600F9A229 /* MainTabView.swift in Sources */,
				3BA98A662A5E3BB500534650 /* UserStatsView.swift in Sources */,
				3BF35C042A5F91F700530B7F /* RegistrationView.swift in Sources */,
				3BA0B0412A70C3D800FAE636 /* ProfileViewModel.swift in Sources */,
			);
			runOnlyForDeploymentPostprocessing = 0;
		};
/* End PBXSourcesBuildPhase section */

/* Begin XCBuildConfiguration section */
		3BF40DDE2A56807300F9A229 /* Debug */ = {
			isa = XCBuildConfiguration;
			buildSettings = {
				ALWAYS_SEARCH_USER_PATHS = NO;
				CLANG_ANALYZER_NONNULL = YES;
				CLANG_ANALYZER_NUMBER_OBJECT_CONVERSION = YES_AGGRESSIVE;
				CLANG_CXX_LANGUAGE_STANDARD = "gnu++20";
				CLANG_ENABLE_MODULES = YES;
				CLANG_ENABLE_OBJC_ARC = YES;
				CLANG_ENABLE_OBJC_WEAK = YES;
				CLANG_WARN_BLOCK_CAPTURE_AUTORELEASING = YES;
				CLANG_WARN_BOOL_CONVERSION = YES;
				CLANG_WARN_COMMA = YES;
				CLANG_WARN_CONSTANT_CONVERSION = YES;
				CLANG_WARN_DEPRECATED_OBJC_IMPLEMENTATIONS = YES;
				CLANG_WARN_DIRECT_OBJC_ISA_USAGE = YES_ERROR;
				CLANG_WARN_DOCUMENTATION_COMMENTS = YES;
				CLANG_WARN_EMPTY_BODY = YES;
				CLANG_WARN_ENUM_CONVERSION = YES;
				CLANG_WARN_INFINITE_RECURSION = YES;
				CLANG_WARN_INT_CONVERSION = YES;
				CLANG_WARN_NON_LITERAL_NULL_CONVERSION = YES;
				CLANG_WARN_OBJC_IMPLICIT_RETAIN_SELF = YES;
				CLANG_WARN_OBJC_LITERAL_CONVERSION = YES;
				CLANG_WARN_OBJC_ROOT_CLASS = YES_ERROR;
				CLANG_WARN_QUOTED_INCLUDE_IN_FRAMEWORK_HEADER = YES;
				CLANG_WARN_RANGE_LOOP_ANALYSIS = YES;
				CLANG_WARN_STRICT_PROTOTYPES = YES;
				CLANG_WARN_SUSPICIOUS_MOVE = YES;
				CLANG_WARN_UNGUARDED_AVAILABILITY = YES_AGGRESSIVE;
				CLANG_WARN_UNREACHABLE_CODE = YES;
				CLANG_WARN__DUPLICATE_METHOD_MATCH = YES;
				COPY_PHASE_STRIP = NO;
				DEBUG_INFORMATION_FORMAT = dwarf;
				ENABLE_STRICT_OBJC_MSGSEND = YES;
				ENABLE_TESTABILITY = YES;
				GCC_C_LANGUAGE_STANDARD = gnu11;
				GCC_DYNAMIC_NO_PIC = NO;
				GCC_NO_COMMON_BLOCKS = YES;
				GCC_OPTIMIZATION_LEVEL = 0;
				GCC_PREPROCESSOR_DEFINITIONS = (
					"DEBUG=1",
					"$(inherited)",
				);
				GCC_WARN_64_TO_32_BIT_CONVERSION = YES;
				GCC_WARN_ABOUT_RETURN_TYPE = YES_ERROR;
				GCC_WARN_UNDECLARED_SELECTOR = YES;
				GCC_WARN_UNINITIALIZED_AUTOS = YES_AGGRESSIVE;
				GCC_WARN_UNUSED_FUNCTION = YES;
				GCC_WARN_UNUSED_VARIABLE = YES;
				IPHONEOS_DEPLOYMENT_TARGET = 16.4;
				MTL_ENABLE_DEBUG_INFO = INCLUDE_SOURCE;
				MTL_FAST_MATH = YES;
				ONLY_ACTIVE_ARCH = YES;
				SDKROOT = iphoneos;
				SWIFT_ACTIVE_COMPILATION_CONDITIONS = DEBUG;
				SWIFT_OPTIMIZATION_LEVEL = "-Onone";
			};
			name = Debug;
		};
		3BF40DDF2A56807300F9A229 /* Release */ = {
			isa = XCBuildConfiguration;
			buildSettings = {
				ALWAYS_SEARCH_USER_PATHS = NO;
				CLANG_ANALYZER_NONNULL = YES;
				CLANG_ANALYZER_NUMBER_OBJECT_CONVERSION = YES_AGGRESSIVE;
				CLANG_CXX_LANGUAGE_STANDARD = "gnu++20";
				CLANG_ENABLE_MODULES = YES;
				CLANG_ENABLE_OBJC_ARC = YES;
				CLANG_ENABLE_OBJC_WEAK = YES;
				CLANG_WARN_BLOCK_CAPTURE_AUTORELEASING = YES;
				CLANG_WARN_BOOL_CONVERSION = YES;
				CLANG_WARN_COMMA = YES;
				CLANG_WARN_CONSTANT_CONVERSION = YES;
				CLANG_WARN_DEPRECATED_OBJC_IMPLEMENTATIONS = YES;
				CLANG_WARN_DIRECT_OBJC_ISA_USAGE = YES_ERROR;
				CLANG_WARN_DOCUMENTATION_COMMENTS = YES;
				CLANG_WARN_EMPTY_BODY = YES;
				CLANG_WARN_ENUM_CONVERSION = YES;
				CLANG_WARN_INFINITE_RECURSION = YES;
				CLANG_WARN_INT_CONVERSION = YES;
				CLANG_WARN_NON_LITERAL_NULL_CONVERSION = YES;
				CLANG_WARN_OBJC_IMPLICIT_RETAIN_SELF = YES;
				CLANG_WARN_OBJC_LITERAL_CONVERSION = YES;
				CLANG_WARN_OBJC_ROOT_CLASS = YES_ERROR;
				CLANG_WARN_QUOTED_INCLUDE_IN_FRAMEWORK_HEADER = YES;
				CLANG_WARN_RANGE_LOOP_ANALYSIS = YES;
				CLANG_WARN_STRICT_PROTOTYPES = YES;
				CLANG_WARN_SUSPICIOUS_MOVE = YES;
				CLANG_WARN_UNGUARDED_AVAILABILITY = YES_AGGRESSIVE;
				CLANG_WARN_UNREACHABLE_CODE = YES;
				CLANG_WARN__DUPLICATE_METHOD_MATCH = YES;
				COPY_PHASE_STRIP = NO;
				DEBUG_INFORMATION_FORMAT = "dwarf-with-dsym";
				ENABLE_NS_ASSERTIONS = NO;
				ENABLE_STRICT_OBJC_MSGSEND = YES;
				GCC_C_LANGUAGE_STANDARD = gnu11;
				GCC_NO_COMMON_BLOCKS = YES;
				GCC_WARN_64_TO_32_BIT_CONVERSION = YES;
				GCC_WARN_ABOUT_RETURN_TYPE = YES_ERROR;
				GCC_WARN_UNDECLARED_SELECTOR = YES;
				GCC_WARN_UNINITIALIZED_AUTOS = YES_AGGRESSIVE;
				GCC_WARN_UNUSED_FUNCTION = YES;
				GCC_WARN_UNUSED_VARIABLE = YES;
				IPHONEOS_DEPLOYMENT_TARGET = 16.4;
				MTL_ENABLE_DEBUG_INFO = NO;
				MTL_FAST_MATH = YES;
				SDKROOT = iphoneos;
				SWIFT_COMPILATION_MODE = wholemodule;
				SWIFT_OPTIMIZATION_LEVEL = "-O";
				VALIDATE_PRODUCT = YES;
			};
			name = Release;
		};
		3BF40DE12A56807300F9A229 /* Debug */ = {
			isa = XCBuildConfiguration;
			buildSettings = {
				ASSETCATALOG_COMPILER_APPICON_NAME = AppIcon;
				ASSETCATALOG_COMPILER_GLOBAL_ACCENT_COLOR_NAME = AccentColor;
				CODE_SIGN_STYLE = Automatic;
				CURRENT_PROJECT_VERSION = 1;
				DEVELOPMENT_ASSET_PATHS = "\"Twitter/Preview Content\"";
				DEVELOPMENT_TEAM = G3VP62JDQQ;
				ENABLE_PREVIEWS = YES;
				GENERATE_INFOPLIST_FILE = YES;
				INFOPLIST_KEY_UIApplicationSceneManifest_Generation = YES;
				INFOPLIST_KEY_UIApplicationSupportsIndirectInputEvents = YES;
				INFOPLIST_KEY_UILaunchScreen_Generation = YES;
				INFOPLIST_KEY_UISupportedInterfaceOrientations_iPad = "UIInterfaceOrientationPortrait UIInterfaceOrientationPortraitUpsideDown UIInterfaceOrientationLandscapeLeft UIInterfaceOrientationLandscapeRight";
				INFOPLIST_KEY_UISupportedInterfaceOrientations_iPhone = "UIInterfaceOrientationPortrait UIInterfaceOrientationLandscapeLeft UIInterfaceOrientationLandscapeRight";
				LD_RUNPATH_SEARCH_PATHS = (
					"$(inherited)",
					"@executable_path/Frameworks",
				);
				MARKETING_VERSION = 1.0;
				PRODUCT_BUNDLE_IDENTIFIER = dmitriikim.Twitter;
				PRODUCT_NAME = "$(TARGET_NAME)";
				SWIFT_EMIT_LOC_STRINGS = YES;
				SWIFT_VERSION = 5.0;
				TARGETED_DEVICE_FAMILY = "1,2";
			};
			name = Debug;
		};
		3BF40DE22A56807300F9A229 /* Release */ = {
			isa = XCBuildConfiguration;
			buildSettings = {
				ASSETCATALOG_COMPILER_APPICON_NAME = AppIcon;
				ASSETCATALOG_COMPILER_GLOBAL_ACCENT_COLOR_NAME = AccentColor;
				CODE_SIGN_STYLE = Automatic;
				CURRENT_PROJECT_VERSION = 1;
				DEVELOPMENT_ASSET_PATHS = "\"Twitter/Preview Content\"";
				DEVELOPMENT_TEAM = G3VP62JDQQ;
				ENABLE_PREVIEWS = YES;
				GENERATE_INFOPLIST_FILE = YES;
				INFOPLIST_KEY_UIApplicationSceneManifest_Generation = YES;
				INFOPLIST_KEY_UIApplicationSupportsIndirectInputEvents = YES;
				INFOPLIST_KEY_UILaunchScreen_Generation = YES;
				INFOPLIST_KEY_UISupportedInterfaceOrientations_iPad = "UIInterfaceOrientationPortrait UIInterfaceOrientationPortraitUpsideDown UIInterfaceOrientationLandscapeLeft UIInterfaceOrientationLandscapeRight";
				INFOPLIST_KEY_UISupportedInterfaceOrientations_iPhone = "UIInterfaceOrientationPortrait UIInterfaceOrientationLandscapeLeft UIInterfaceOrientationLandscapeRight";
				LD_RUNPATH_SEARCH_PATHS = (
					"$(inherited)",
					"@executable_path/Frameworks",
				);
				MARKETING_VERSION = 1.0;
				PRODUCT_BUNDLE_IDENTIFIER = dmitriikim.Twitter;
				PRODUCT_NAME = "$(TARGET_NAME)";
				SWIFT_EMIT_LOC_STRINGS = YES;
				SWIFT_VERSION = 5.0;
				TARGETED_DEVICE_FAMILY = "1,2";
			};
			name = Release;
		};
/* End XCBuildConfiguration section */

/* Begin XCConfigurationList section */
		3BF40DCD2A56807100F9A229 /* Build configuration list for PBXProject "Twitter" */ = {
			isa = XCConfigurationList;
			buildConfigurations = (
				3BF40DDE2A56807300F9A229 /* Debug */,
				3BF40DDF2A56807300F9A229 /* Release */,
			);
			defaultConfigurationIsVisible = 0;
			defaultConfigurationName = Release;
		};
		3BF40DE02A56807300F9A229 /* Build configuration list for PBXNativeTarget "Twitter" */ = {
			isa = XCConfigurationList;
			buildConfigurations = (
				3BF40DE12A56807300F9A229 /* Debug */,
				3BF40DE22A56807300F9A229 /* Release */,
			);
			defaultConfigurationIsVisible = 0;
			defaultConfigurationName = Release;
		};
/* End XCConfigurationList section */

/* Begin XCRemoteSwiftPackageReference section */
		3BAD21A12A68F17D000A7E26 /* XCRemoteSwiftPackageReference "Kingfisher" */ = {
			isa = XCRemoteSwiftPackageReference;
			repositoryURL = "https://github.com/onevcat/Kingfisher.git";
			requirement = {
				kind = upToNextMajorVersion;
				minimumVersion = 7.0.0;
			};
		};
		3BB1F2762A6246B80070BA0C /* XCRemoteSwiftPackageReference "firebase-ios-sdk" */ = {
			isa = XCRemoteSwiftPackageReference;
			repositoryURL = "https://github.com/firebase/firebase-ios-sdk";
			requirement = {
				kind = upToNextMajorVersion;
				minimumVersion = 10.0.0;
			};
		};
/* End XCRemoteSwiftPackageReference section */

/* Begin XCSwiftPackageProductDependency section */
		3BAD21A22A68F17D000A7E26 /* Kingfisher */ = {
			isa = XCSwiftPackageProductDependency;
			package = 3BAD21A12A68F17D000A7E26 /* XCRemoteSwiftPackageReference "Kingfisher" */;
			productName = Kingfisher;
		};
		3BB1F2772A6246B80070BA0C /* FirebaseAuth */ = {
			isa = XCSwiftPackageProductDependency;
			package = 3BB1F2762A6246B80070BA0C /* XCRemoteSwiftPackageReference "firebase-ios-sdk" */;
			productName = FirebaseAuth;
		};
		3BB1F2792A6246B80070BA0C /* FirebaseFirestore */ = {
			isa = XCSwiftPackageProductDependency;
			package = 3BB1F2762A6246B80070BA0C /* XCRemoteSwiftPackageReference "firebase-ios-sdk" */;
			productName = FirebaseFirestore;
		};
		3BB1F27B2A6246B80070BA0C /* FirebaseFirestoreSwift */ = {
			isa = XCSwiftPackageProductDependency;
			package = 3BB1F2762A6246B80070BA0C /* XCRemoteSwiftPackageReference "firebase-ios-sdk" */;
			productName = FirebaseFirestoreSwift;
		};
		3BB1F27D2A6246B80070BA0C /* FirebaseStorage */ = {
			isa = XCSwiftPackageProductDependency;
			package = 3BB1F2762A6246B80070BA0C /* XCRemoteSwiftPackageReference "firebase-ios-sdk" */;
			productName = FirebaseStorage;
		};
/* End XCSwiftPackageProductDependency section */
	};
	rootObject = 3BF40DCA2A56807100F9A229 /* Project object */;
}
